// !$*UTF8*$!
{
	archiveVersion = 1;
	classes = {
	};
	objectVersion = 46;
	objects = {

/* Begin PBXBuildFile section */
		B112B0B91AA950A4007351D7 /* MyView.m in Sources */ = {isa = PBXBuildFile; fileRef = B112B0B81AA950A4007351D7 /* MyView.m */; };
		B112B0BC1AA98ED0007351D7 /* CustomView.m in Sources */ = {isa = PBXBuildFile; fileRef = B112B0BB1AA98ED0007351D7 /* CustomView.m */; };
		B144F8CE1AA94DEC0089A9A4 /* Foundation.framework in Frameworks */ = {isa = PBXBuildFile; fileRef = B144F8CD1AA94DEC0089A9A4 /* Foundation.framework */; };
		B144F8D01AA94DEC0089A9A4 /* CoreGraphics.framework in Frameworks */ = {isa = PBXBuildFile; fileRef = B144F8CF1AA94DEC0089A9A4 /* CoreGraphics.framework */; };
		B144F8D21AA94DEC0089A9A4 /* UIKit.framework in Frameworks */ = {isa = PBXBuildFile; fileRef = B144F8D11AA94DEC0089A9A4 /* UIKit.framework */; };
		B144F8D81AA94DEC0089A9A4 /* InfoPlist.strings in Resources */ = {isa = PBXBuildFile; fileRef = B144F8D61AA94DEC0089A9A4 /* InfoPlist.strings */; };
		B144F8DA1AA94DEC0089A9A4 /* main.m in Sources */ = {isa = PBXBuildFile; fileRef = B144F8D91AA94DEC0089A9A4 /* main.m */; };
		B144F8DE1AA94DEC0089A9A4 /* AppDelegate.m in Sources */ = {isa = PBXBuildFile; fileRef = B144F8DD1AA94DEC0089A9A4 /* AppDelegate.m */; };
		B144F8E11AA94DEC0089A9A4 /* Main_iPhone.storyboard in Resources */ = {isa = PBXBuildFile; fileRef = B144F8DF1AA94DEC0089A9A4 /* Main_iPhone.storyboard */; };
		B144F8E41AA94DEC0089A9A4 /* Main_iPad.storyboard in Resources */ = {isa = PBXBuildFile; fileRef = B144F8E21AA94DEC0089A9A4 /* Main_iPad.storyboard */; };
		B144F8E71AA94DEC0089A9A4 /* ViewController.m in Sources */ = {isa = PBXBuildFile; fileRef = B144F8E61AA94DEC0089A9A4 /* ViewController.m */; };
		B144F8E91AA94DEC0089A9A4 /* Images.xcassets in Resources */ = {isa = PBXBuildFile; fileRef = B144F8E81AA94DEC0089A9A4 /* Images.xcassets */; };
		B144F8F01AA94DEC0089A9A4 /* XCTest.framework in Frameworks */ = {isa = PBXBuildFile; fileRef = B144F8EF1AA94DEC0089A9A4 /* XCTest.framework */; };
		B144F8F11AA94DEC0089A9A4 /* Foundation.framework in Frameworks */ = {isa = PBXBuildFile; fileRef = B144F8CD1AA94DEC0089A9A4 /* Foundation.framework */; };
		B144F8F21AA94DEC0089A9A4 /* UIKit.framework in Frameworks */ = {isa = PBXBuildFile; fileRef = B144F8D11AA94DEC0089A9A4 /* UIKit.framework */; };
		B144F8FA1AA94DEC0089A9A4 /* InfoPlist.strings in Resources */ = {isa = PBXBuildFile; fileRef = B144F8F81AA94DEC0089A9A4 /* InfoPlist.strings */; };
		B144F8FC1AA94DEC0089A9A4 /* QuarzDemoTests.m in Sources */ = {isa = PBXBuildFile; fileRef = B144F8FB1AA94DEC0089A9A4 /* QuarzDemoTests.m */; };
/* End PBXBuildFile section */

/* Begin PBXContainerItemProxy section */
		B144F8F31AA94DEC0089A9A4 /* PBXContainerItemProxy */ = {
			isa = PBXContainerItemProxy;
			containerPortal = B144F8C21AA94DEC0089A9A4 /* Project object */;
			proxyType = 1;
			remoteGlobalIDString = B144F8C91AA94DEC0089A9A4;
			remoteInfo = QuarzDemo;
		};
/* End PBXContainerItemProxy section */

/* Begin PBXFileReference section */
		B112B0B71AA950A4007351D7 /* MyView.h */ = {isa = PBXFileReference; fileEncoding = 4; lastKnownFileType = sourcecode.c.h; path = MyView.h; sourceTree = "<group>"; };
		B112B0B81AA950A4007351D7 /* MyView.m */ = {isa = PBXFileReference; fileEncoding = 4; lastKnownFileType = sourcecode.c.objc; path = MyView.m; sourceTree = "<group>"; };
		B112B0BA1AA98ED0007351D7 /* CustomView.h */ = {isa = PBXFileReference; fileEncoding = 4; lastKnownFileType = sourcecode.c.h; path = CustomView.h; sourceTree = "<group>"; };
		B112B0BB1AA98ED0007351D7 /* CustomView.m */ = {isa = PBXFileReference; fileEncoding = 4; lastKnownFileType = sourcecode.c.objc; path = CustomView.m; sourceTree = "<group>"; };
		B144F8CA1AA94DEC0089A9A4 /* QuarzDemo.app */ = {isa = PBXFileReference; explicitFileType = wrapper.application; includeInIndex = 0; path = QuarzDemo.app; sourceTree = BUILT_PRODUCTS_DIR; };
		B144F8CD1AA94DEC0089A9A4 /* Foundation.framework */ = {isa = PBXFileReference; lastKnownFileType = wrapper.framework; name = Foundation.framework; path = System/Library/Frameworks/Foundation.framework; sourceTree = SDKROOT; };
		B144F8CF1AA94DEC0089A9A4 /* CoreGraphics.framework */ = {isa = PBXFileReference; lastKnownFileType = wrapper.framework; name = CoreGraphics.framework; path = System/Library/Frameworks/CoreGraphics.framework; sourceTree = SDKROOT; };
		B144F8D11AA94DEC0089A9A4 /* UIKit.framework */ = {isa = PBXFileReference; lastKnownFileType = wrapper.framework; name = UIKit.framework; path = System/Library/Frameworks/UIKit.framework; sourceTree = SDKROOT; };
		B144F8D51AA94DEC0089A9A4 /* QuarzDemo-Info.plist */ = {isa = PBXFileReference; lastKnownFileType = text.plist.xml; path = "QuarzDemo-Info.plist"; sourceTree = "<group>"; };
		B144F8D71AA94DEC0089A9A4 /* en */ = {isa = PBXFileReference; lastKnownFileType = text.plist.strings; name = en; path = en.lproj/InfoPlist.strings; sourceTree = "<group>"; };
		B144F8D91AA94DEC0089A9A4 /* main.m */ = {isa = PBXFileReference; lastKnownFileType = sourcecode.c.objc; path = main.m; sourceTree = "<group>"; };
		B144F8DB1AA94DEC0089A9A4 /* QuarzDemo-Prefix.pch */ = {isa = PBXFileReference; lastKnownFileType = sourcecode.c.h; path = "QuarzDemo-Prefix.pch"; sourceTree = "<group>"; };
		B144F8DC1AA94DEC0089A9A4 /* AppDelegate.h */ = {isa = PBXFileReference; lastKnownFileType = sourcecode.c.h; path = AppDelegate.h; sourceTree = "<group>"; };
		B144F8DD1AA94DEC0089A9A4 /* AppDelegate.m */ = {isa = PBXFileReference; lastKnownFileType = sourcecode.c.objc; path = AppDelegate.m; sourceTree = "<group>"; };
		B144F8E01AA94DEC0089A9A4 /* Base */ = {isa = PBXFileReference; lastKnownFileType = file.storyboard; name = Base; path = Base.lproj/Main_iPhone.storyboard; sourceTree = "<group>"; };
		B144F8E31AA94DEC0089A9A4 /* Base */ = {isa = PBXFileReference; lastKnownFileType = file.storyboard; name = Base; path = Base.lproj/Main_iPad.storyboard; sourceTree = "<group>"; };
		B144F8E51AA94DEC0089A9A4 /* ViewController.h */ = {isa = PBXFileReference; lastKnownFileType = sourcecode.c.h; path = ViewController.h; sourceTree = "<group>"; };
		B144F8E61AA94DEC0089A9A4 /* ViewController.m */ = {isa = PBXFileReference; lastKnownFileType = sourcecode.c.objc; path = ViewController.m; sourceTree = "<group>"; };
		B144F8E81AA94DEC0089A9A4 /* Images.xcassets */ = {isa = PBXFileReference; lastKnownFileType = folder.assetcatalog; path = Images.xcassets; sourceTree = "<group>"; };
		B144F8EE1AA94DEC0089A9A4 /* QuarzDemoTests.xctest */ = {isa = PBXFileReference; explicitFileType = wrapper.cfbundle; includeInIndex = 0; path = QuarzDemoTests.xctest; sourceTree = BUILT_PRODUCTS_DIR; };
		B144F8EF1AA94DEC0089A9A4 /* XCTest.framework */ = {isa = PBXFileReference; lastKnownFileType = wrapper.framework; name = XCTest.framework; path = Library/Frameworks/XCTest.framework; sourceTree = DEVELOPER_DIR; };
		B144F8F71AA94DEC0089A9A4 /* QuarzDemoTests-Info.plist */ = {isa = PBXFileReference; lastKnownFileType = text.plist.xml; path = "QuarzDemoTests-Info.plist"; sourceTree = "<group>"; };
		B144F8F91AA94DEC0089A9A4 /* en */ = {isa = PBXFileReference; lastKnownFileType = text.plist.strings; name = en; path = en.lproj/InfoPlist.strings; sourceTree = "<group>"; };
		B144F8FB1AA94DEC0089A9A4 /* QuarzDemoTests.m */ = {isa = PBXFileReference; lastKnownFileType = sourcecode.c.objc; path = QuarzDemoTests.m; sourceTree = "<group>"; };
/* End PBXFileReference section */

/* Begin PBXFrameworksBuildPhase section */
		B144F8C71AA94DEC0089A9A4 /* Frameworks */ = {
			isa = PBXFrameworksBuildPhase;
			buildActionMask = 2147483647;
			files = (
				B144F8D01AA94DEC0089A9A4 /* CoreGraphics.framework in Frameworks */,
				B144F8D21AA94DEC0089A9A4 /* UIKit.framework in Frameworks */,
				B144F8CE1AA94DEC0089A9A4 /* Foundation.framework in Frameworks */,
			);
			runOnlyForDeploymentPostprocessing = 0;
		};
		B144F8EB1AA94DEC0089A9A4 /* Frameworks */ = {
			isa = PBXFrameworksBuildPhase;
			buildActionMask = 2147483647;
			files = (
				B144F8F01AA94DEC0089A9A4 /* XCTest.framework in Frameworks */,
				B144F8F21AA94DEC0089A9A4 /* UIKit.framework in Frameworks */,
				B144F8F11AA94DEC0089A9A4 /* Foundation.framework in Frameworks */,
			);
			runOnlyForDeploymentPostprocessing = 0;
		};
/* End PBXFrameworksBuildPhase section */

/* Begin PBXGroup section */
		B144F8C11AA94DEC0089A9A4 = {
			isa = PBXGroup;
			children = (
				B144F8D31AA94DEC0089A9A4 /* QuarzDemo */,
				B144F8F51AA94DEC0089A9A4 /* QuarzDemoTests */,
				B144F8CC1AA94DEC0089A9A4 /* Frameworks */,
				B144F8CB1AA94DEC0089A9A4 /* Products */,
			);
			sourceTree = "<group>";
		};
		B144F8CB1AA94DEC0089A9A4 /* Products */ = {
			isa = PBXGroup;
			children = (
				B144F8CA1AA94DEC0089A9A4 /* QuarzDemo.app */,
				B144F8EE1AA94DEC0089A9A4 /* QuarzDemoTests.xctest */,
			);
			name = Products;
			sourceTree = "<group>";
		};
		B144F8CC1AA94DEC0089A9A4 /* Frameworks */ = {
			isa = PBXGroup;
			children = (
				B144F8CD1AA94DEC0089A9A4 /* Foundation.framework */,
				B144F8CF1AA94DEC0089A9A4 /* CoreGraphics.framework */,
				B144F8D11AA94DEC0089A9A4 /* UIKit.framework */,
				B144F8EF1AA94DEC0089A9A4 /* XCTest.framework */,
			);
			name = Frameworks;
			sourceTree = "<group>";
		};
		B144F8D31AA94DEC0089A9A4 /* QuarzDemo */ = {
			isa = PBXGroup;
			children = (
				B144F8DC1AA94DEC0089A9A4 /* AppDelegate.h */,
				B144F8DD1AA94DEC0089A9A4 /* AppDelegate.m */,
				B144F8DF1AA94DEC0089A9A4 /* Main_iPhone.storyboard */,
				B144F8E21AA94DEC0089A9A4 /* Main_iPad.storyboard */,
				B144F8E51AA94DEC0089A9A4 /* ViewController.h */,
				B144F8E61AA94DEC0089A9A4 /* ViewController.m */,
				B144F8E81AA94DEC0089A9A4 /* Images.xcassets */,
				B144F8D41AA94DEC0089A9A4 /* Supporting Files */,
				B112B0B71AA950A4007351D7 /* MyView.h */,
				B112B0B81AA950A4007351D7 /* MyView.m */,
				B112B0BA1AA98ED0007351D7 /* CustomView.h */,
				B112B0BB1AA98ED0007351D7 /* CustomView.m */,
			);
			path = QuarzDemo;
			sourceTree = "<group>";
		};
		B144F8D41AA94DEC0089A9A4 /* Supporting Files */ = {
			isa = PBXGroup;
			children = (
				B144F8D51AA94DEC0089A9A4 /* QuarzDemo-Info.plist */,
				B144F8D61AA94DEC0089A9A4 /* InfoPlist.strings */,
				B144F8D91AA94DEC0089A9A4 /* main.m */,
				B144F8DB1AA94DEC0089A9A4 /* QuarzDemo-Prefix.pch */,
			);
			name = "Supporting Files";
			sourceTree = "<group>";
		};
		B144F8F51AA94DEC0089A9A4 /* QuarzDemoTests */ = {
			isa = PBXGroup;
			children = (
				B144F8FB1AA94DEC0089A9A4 /* QuarzDemoTests.m */,
				B144F8F61AA94DEC0089A9A4 /* Supporting Files */,
			);
			path = QuarzDemoTests;
			sourceTree = "<group>";
		};
		B144F8F61AA94DEC0089A9A4 /* Supporting Files */ = {
			isa = PBXGroup;
			children = (
				B144F8F71AA94DEC0089A9A4 /* QuarzDemoTests-Info.plist */,
				B144F8F81AA94DEC0089A9A4 /* InfoPlist.strings */,
			);
			name = "Supporting Files";
			sourceTree = "<group>";
		};
/* End PBXGroup section */

/* Begin PBXNativeTarget section */
		B144F8C91AA94DEC0089A9A4 /* QuarzDemo */ = {
			isa = PBXNativeTarget;
			buildConfigurationList = B144F8FF1AA94DEC0089A9A4 /* Build configuration list for PBXNativeTarget "QuarzDemo" */;
			buildPhases = (
				B144F8C61AA94DEC0089A9A4 /* Sources */,
				B144F8C71AA94DEC0089A9A4 /* Frameworks */,
				B144F8C81AA94DEC0089A9A4 /* Resources */,
			);
			buildRules = (
			);
			dependencies = (
			);
			name = QuarzDemo;
			productName = QuarzDemo;
			productReference = B144F8CA1AA94DEC0089A9A4 /* QuarzDemo.app */;
			productType = "com.apple.product-type.application";
		};
		B144F8ED1AA94DEC0089A9A4 /* QuarzDemoTests */ = {
			isa = PBXNativeTarget;
			buildConfigurationList = B144F9021AA94DEC0089A9A4 /* Build configuration list for PBXNativeTarget "QuarzDemoTests" */;
			buildPhases = (
				B144F8EA1AA94DEC0089A9A4 /* Sources */,
				B144F8EB1AA94DEC0089A9A4 /* Frameworks */,
				B144F8EC1AA94DEC0089A9A4 /* Resources */,
			);
			buildRules = (
			);
			dependencies = (
				B144F8F41AA94DEC0089A9A4 /* PBXTargetDependency */,
			);
			name = QuarzDemoTests;
			productName = QuarzDemoTests;
			productReference = B144F8EE1AA94DEC0089A9A4 /* QuarzDemoTests.xctest */;
			productType = "com.apple.product-type.bundle.unit-test";
		};
/* End PBXNativeTarget section */

/* Begin PBXProject section */
		B144F8C21AA94DEC0089A9A4 /* Project object */ = {
			isa = PBXProject;
			attributes = {
				LastUpgradeCheck = 0510;
				ORGANIZATIONNAME = shy;
				TargetAttributes = {
					B144F8ED1AA94DEC0089A9A4 = {
						TestTargetID = B144F8C91AA94DEC0089A9A4;
					};
				};
			};
			buildConfigurationList = B144F8C51AA94DEC0089A9A4 /* Build configuration list for PBXProject "QuarzDemo" */;
			compatibilityVersion = "Xcode 3.2";
			developmentRegion = English;
			hasScannedForEncodings = 0;
			knownRegions = (
				en,
				Base,
			);
			mainGroup = B144F8C11AA94DEC0089A9A4;
			productRefGroup = B144F8CB1AA94DEC0089A9A4 /* Products */;
			projectDirPath = "";
			projectRoot = "";
			targets = (
				B144F8C91AA94DEC0089A9A4 /* QuarzDemo */,
				B144F8ED1AA94DEC0089A9A4 /* QuarzDemoTests */,
			);
		};
/* End PBXProject section */

/* Begin PBXResourcesBuildPhase section */
		B144F8C81AA94DEC0089A9A4 /* Resources */ = {
			isa = PBXResourcesBuildPhase;
			buildActionMask = 2147483647;
			files = (
				B144F8E41AA94DEC0089A9A4 /* Main_iPad.storyboard in Resources */,
				B144F8E91AA94DEC0089A9A4 /* Images.xcassets in Resources */,
				B144F8E11AA94DEC0089A9A4 /* Main_iPhone.storyboard in Resources */,
				B144F8D81AA94DEC0089A9A4 /* InfoPlist.strings in Resources */,
			);
			runOnlyForDeploymentPostprocessing = 0;
		};
		B144F8EC1AA94DEC0089A9A4 /* Resources */ = {
			isa = PBXResourcesBuildPhase;
			buildActionMask = 2147483647;
			files = (
				B144F8FA1AA94DEC0089A9A4 /* InfoPlist.strings in Resources */,
			);
			runOnlyForDeploymentPostprocessing = 0;
		};
/* End PBXResourcesBuildPhase section */

/* Begin PBXSourcesBuildPhase section */
		B144F8C61AA94DEC0089A9A4 /* Sources */ = {
			isa = PBXSourcesBuildPhase;
			buildActionMask = 2147483647;
			files = (
				B112B0BC1AA98ED0007351D7 /* CustomView.m in Sources */,
				B112B0B91AA950A4007351D7 /* MyView.m in Sources */,
				B144F8E71AA94DEC0089A9A4 /* ViewController.m in Sources */,
				B144F8DE1AA94DEC0089A9A4 /* AppDelegate.m in Sources */,
				B144F8DA1AA94DEC0089A9A4 /* main.m in Sources */,
			);
			runOnlyForDeploymentPostprocessing = 0;
		};
		B144F8EA1AA94DEC0089A9A4 /* Sources */ = {
			isa = PBXSourcesBuildPhase;
			buildActionMask = 2147483647;
			files = (
				B144F8FC1AA94DEC0089A9A4 /* QuarzDemoTests.m in Sources */,
			);
			runOnlyForDeploymentPostprocessing = 0;
		};
/* End PBXSourcesBuildPhase section */

/* Begin PBXTargetDependency section */
		B144F8F41AA94DEC0089A9A4 /* PBXTargetDependency */ = {
			isa = PBXTargetDependency;
			target = B144F8C91AA94DEC0089A9A4 /* QuarzDemo */;
			targetProxy = B144F8F31AA94DEC0089A9A4 /* PBXContainerItemProxy */;
		};
/* End PBXTargetDependency section */

/* Begin PBXVariantGroup section */
		B144F8D61AA94DEC0089A9A4 /* InfoPlist.strings */ = {
			isa = PBXVariantGroup;
			children = (
				B144F8D71AA94DEC0089A9A4 /* en */,
			);
			name = InfoPlist.strings;
			sourceTree = "<group>";
		};
		B144F8DF1AA94DEC0089A9A4 /* Main_iPhone.storyboard */ = {
			isa = PBXVariantGroup;
			children = (
				B144F8E01AA94DEC0089A9A4 /* Base */,
			);
			name = Main_iPhone.storyboard;
			sourceTree = "<group>";
		};
		B144F8E21AA94DEC0089A9A4 /* Main_iPad.storyboard */ = {
			isa = PBXVariantGroup;
			children = (
				B144F8E31AA94DEC0089A9A4 /* Base */,
			);
			name = Main_iPad.storyboard;
			sourceTree = "<group>";
		};
		B144F8F81AA94DEC0089A9A4 /* InfoPlist.strings */ = {
			isa = PBXVariantGroup;
			children = (
				B144F8F91AA94DEC0089A9A4 /* en */,
			);
			name = InfoPlist.strings;
			sourceTree = "<group>";
		};
/* End PBXVariantGroup section */

/* Begin XCBuildConfiguration section */
		B144F8FD1AA94DEC0089A9A4 /* Debug */ = {
			isa = XCBuildConfiguration;
			buildSettings = {
				ALWAYS_SEARCH_USER_PATHS = NO;
				CLANG_CXX_LANGUAGE_STANDARD = "gnu++0x";
				CLANG_CXX_LIBRARY = "libc++";
				CLANG_ENABLE_MODULES = YES;
				CLANG_ENABLE_OBJC_ARC = YES;
				CLANG_WARN_BOOL_CONVERSION = YES;
				CLANG_WARN_CONSTANT_CONVERSION = YES;
				CLANG_WARN_DIRECT_OBJC_ISA_USAGE = YES_ERROR;
				CLANG_WARN_EMPTY_BODY = YES;
				CLANG_WARN_ENUM_CONVERSION = YES;
				CLANG_WARN_INT_CONVERSION = YES;
				CLANG_WARN_OBJC_ROOT_CLASS = YES_ERROR;
				CLANG_WARN__DUPLICATE_METHOD_MATCH = YES;
				"CODE_SIGN_IDENTITY[sdk=iphoneos*]" = "iPhone Developer";
				COPY_PHASE_STRIP = NO;
				GCC_C_LANGUAGE_STANDARD = gnu99;
				GCC_DYNAMIC_NO_PIC = NO;
				GCC_OPTIMIZATION_LEVEL = 0;
				GCC_PREPROCESSOR_DEFINITIONS = (
					"DEBUG=1",
					"$(inherited)",
				);
				GCC_SYMBOLS_PRIVATE_EXTERN = NO;
				GCC_WARN_64_TO_32_BIT_CONVERSION = YES;
				GCC_WARN_ABOUT_RETURN_TYPE = YES_ERROR;
				GCC_WARN_UNDECLARED_SELECTOR = YES;
				GCC_WARN_UNINITIALIZED_AUTOS = YES_AGGRESSIVE;
				GCC_WARN_UNUSED_FUNCTION = YES;
				GCC_WARN_UNUSED_VARIABLE = YES;
				IPHONEOS_DEPLOYMENT_TARGET = 7.1;
				ONLY_ACTIVE_ARCH = YES;
				SDKROOT = iphoneos;
				TARGETED_DEVICE_FAMILY = "1,2";
			};
			name = Debug;
		};
		B144F8FE1AA94DEC0089A9A4 /* Release */ = {
			isa = XCBuildConfiguration;
			buildSettings = {
				ALWAYS_SEARCH_USER_PATHS = NO;
				CLANG_CXX_LANGUAGE_STANDARD = "gnu++0x";
				CLANG_CXX_LIBRARY = "libc++";
				CLANG_ENABLE_MODULES = YES;
				CLANG_ENABLE_OBJC_ARC = YES;
				CLANG_WARN_BOOL_CONVERSION = YES;
				CLANG_WARN_CONSTANT_CONVERSION = YES;
				CLANG_WARN_DIRECT_OBJC_ISA_USAGE = YES_ERROR;
				CLANG_WARN_EMPTY_BODY = YES;
				CLANG_WARN_ENUM_CONVERSION = YES;
				CLANG_WARN_INT_CONVERSION = YES;
				CLANG_WARN_OBJC_ROOT_CLASS = YES_ERROR;
				CLANG_WARN__DUPLICATE_METHOD_MATCH = YES;
				"CODE_SIGN_IDENTITY[sdk=iphoneos*]" = "iPhone Developer";
				COPY_PHASE_STRIP = YES;
				ENABLE_NS_ASSERTIONS = NO;
				GCC_C_LANGUAGE_STANDARD = gnu99;
				GCC_WARN_64_TO_32_BIT_CONVERSION = YES;
				GCC_WARN_ABOUT_RETURN_TYPE = YES_ERROR;
				GCC_WARN_UNDECLARED_SELECTOR = YES;
				GCC_WARN_UNINITIALIZED_AUTOS = YES_AGGRESSIVE;
				GCC_WARN_UNUSED_FUNCTION = YES;
				GCC_WARN_UNUSED_VARIABLE = YES;
				IPHONEOS_DEPLOYMENT_TARGET = 7.1;
				SDKROOT = iphoneos;
				TARGETED_DEVICE_FAMILY = "1,2";
				VALIDATE_PRODUCT = YES;
			};
			name = Release;
		};
		B144F9001AA94DEC0089A9A4 /* Debug */ = {
			isa = XCBuildConfiguration;
			buildSettings = {
				ASSETCATALOG_COMPILER_APPICON_NAME = AppIcon;
				ASSETCATALOG_COMPILER_LAUNCHIMAGE_NAME = LaunchImage;
				GCC_PRECOMPILE_PREFIX_HEADER = YES;
				GCC_PREFIX_HEADER = "QuarzDemo/QuarzDemo-Prefix.pch";
				INFOPLIST_FILE = "QuarzDemo/QuarzDemo-Info.plist";
				PRODUCT_NAME = "$(TARGET_NAME)";
				WRAPPER_EXTENSION = app;
			};
			name = Debug;
		};
		B144F9011AA94DEC0089A9A4 /* Release */ = {
			isa = XCBuildConfiguration;
			buildSettings = {
				ASSETCATALOG_COMPILER_APPICON_NAME = AppIcon;
				ASSETCATALOG_COMPILER_LAUNCHIMAGE_NAME = LaunchImage;
				GCC_PRECOMPILE_PREFIX_HEADER = YES;
				GCC_PREFIX_HEADER = "QuarzDemo/QuarzDemo-Prefix.pch";
				INFOPLIST_FILE = "QuarzDemo/QuarzDemo-Info.plist";
				PRODUCT_NAME = "$(TARGET_NAME)";
				WRAPPER_EXTENSION = app;
			};
			name = Release;
		};
		B144F9031AA94DEC0089A9A4 /* Debug */ = {
			isa = XCBuildConfiguration;
			buildSettings = {
				BUNDLE_LOADER = "$(BUILT_PRODUCTS_DIR)/QuarzDemo.app/QuarzDemo";
				FRAMEWORK_SEARCH_PATHS = (
					"$(SDKROOT)/Developer/Library/Frameworks",
					"$(inherited)",
					"$(DEVELOPER_FRAMEWORKS_DIR)",
				);
				GCC_PRECOMPILE_PREFIX_HEADER = YES;
				GCC_PREFIX_HEADER = "QuarzDemo/QuarzDemo-Prefix.pch";
				GCC_PREPROCESSOR_DEFINITIONS = (
					"DEBUG=1",
					"$(inherited)",
				);
				INFOPLIST_FILE = "QuarzDemoTests/QuarzDemoTests-Info.plist";
				PRODUCT_NAME = "$(TARGET_NAME)";
				TEST_HOST = "$(BUNDLE_LOADER)";
				WRAPPER_EXTENSION = xctest;
			};
			name = Debug;
		};
		B144F9041AA94DEC0089A9A4 /* Release */ = {
			isa = XCBuildConfiguration;
			buildSettings = {
				BUNDLE_LOADER = "$(BUILT_PRODUCTS_DIR)/QuarzDemo.app/QuarzDemo";
				FRAMEWORK_SEARCH_PATHS = (
					"$(SDKROOT)/Developer/Library/Frameworks",
					"$(inherited)",
					"$(DEVELOPER_FRAMEWORKS_DIR)",
				);
				GCC_PRECOMPILE_PREFIX_HEADER = YES;
				GCC_PREFIX_HEADER = "QuarzDemo/QuarzDemo-Prefix.pch";
				INFOPLIST_FILE = "QuarzDemoTests/QuarzDemoTests-Info.plist";
				PRODUCT_NAME = "$(TARGET_NAME)";
				TEST_HOST = "$(BUNDLE_LOADER)";
				WRAPPER_EXTENSION = xctest;
			};
			name = Release;
		};
/* End XCBuildConfiguration section */

/* Begin XCConfigurationList section */
		B144F8C51AA94DEC0089A9A4 /* Build configuration list for PBXProject "QuarzDemo" */ = {
			isa = XCConfigurationList;
			buildConfigurations = (
				B144F8FD1AA94DEC0089A9A4 /* Debug */,
				B144F8FE1AA94DEC0089A9A4 /* Release */,
			);
			defaultConfigurationIsVisible = 0;
			defaultConfigurationName = Release;
		};
		B144F8FF1AA94DEC0089A9A4 /* Build configuration list for PBXNativeTarget "QuarzDemo" */ = {
			isa = XCConfigurationList;
			buildConfigurations = (
				B144F9001AA94DEC0089A9A4 /* Debug */,
				B144F9011AA94DEC0089A9A4 /* Release */,
			);
			defaultConfigurationIsVisible = 0;
			defaultConfigurationName = Release;
		};
		B144F9021AA94DEC0089A9A4 /* Build configuration list for PBXNativeTarget "QuarzDemoTests" */ = {
			isa = XCConfigurationList;
			buildConfigurations = (
				B144F9031AA94DEC0089A9A4 /* Debug */,
				B144F9041AA94DEC0089A9A4 /* Release */,
			);
			defaultConfigurationIsVisible = 0;
			defaultConfigurationName = Release;
		};
/* End XCConfigurationList section */
	};
	rootObject = B144F8C21AA94DEC0089A9A4 /* Project object */;
}
